// !$*UTF8*$!
{
	archiveVersion = 1;
	classes = {
	};
	objectVersion = 53;
	objects = {

/* Begin PBXBuildFile section */
		68144F2B1A7A9E0617E5D41F /* Pods_Restart_Task.framework in Frameworks */ = {isa = PBXBuildFile; fileRef = 75E7FA1F314C25DADD750877 /* Pods_Restart_Task.framework */; };
		E2495B7A2980001D00CB68AB /* APIRouter.swift in Sources */ = {isa = PBXBuildFile; fileRef = E2495B792980001D00CB68AB /* APIRouter.swift */; };
		E2495B7C2980002C00CB68AB /* APIManager.swift in Sources */ = {isa = PBXBuildFile; fileRef = E2495B7B2980002C00CB68AB /* APIManager.swift */; };
		E2495B7E2980004500CB68AB /* CoreDataRepoManager.swift in Sources */ = {isa = PBXBuildFile; fileRef = E2495B7D2980004500CB68AB /* CoreDataRepoManager.swift */; };
		E2495B812980006E00CB68AB /* SaveProductModel.swift in Sources */ = {isa = PBXBuildFile; fileRef = E2495B7F2980006E00CB68AB /* SaveProductModel.swift */; };
		E2495B822980006E00CB68AB /* Product.swift in Sources */ = {isa = PBXBuildFile; fileRef = E2495B802980006E00CB68AB /* Product.swift */; };
		E2495B842980008B00CB68AB /* SavedProductsManager.swift in Sources */ = {isa = PBXBuildFile; fileRef = E2495B832980008B00CB68AB /* SavedProductsManager.swift */; };
		E25BBD55297FF35E00B80D22 /* AppDelegate.swift in Sources */ = {isa = PBXBuildFile; fileRef = E25BBD54297FF35E00B80D22 /* AppDelegate.swift */; };
		E25BBD5C297FF35E00B80D22 /* Main.storyboard in Resources */ = {isa = PBXBuildFile; fileRef = E25BBD5A297FF35E00B80D22 /* Main.storyboard */; };
		E25BBD5F297FF35E00B80D22 /* Restart_Task.xcdatamodeld in Sources */ = {isa = PBXBuildFile; fileRef = E25BBD5D297FF35E00B80D22 /* Restart_Task.xcdatamodeld */; };
		E25BBD61297FF36400B80D22 /* Assets.xcassets in Resources */ = {isa = PBXBuildFile; fileRef = E25BBD60297FF36400B80D22 /* Assets.xcassets */; };
		E25BBD64297FF36400B80D22 /* LaunchScreen.storyboard in Resources */ = {isa = PBXBuildFile; fileRef = E25BBD62297FF36400B80D22 /* LaunchScreen.storyboard */; };
/* End PBXBuildFile section */

/* Begin PBXFileReference section */
		75E7FA1F314C25DADD750877 /* Pods_Restart_Task.framework */ = {isa = PBXFileReference; explicitFileType = wrapper.framework; includeInIndex = 0; path = Pods_Restart_Task.framework; sourceTree = BUILT_PRODUCTS_DIR; };
		87FB16F9ED493F4FCECD98F0 /* Pods-Restart-Task.debug.xcconfig */ = {isa = PBXFileReference; includeInIndex = 1; lastKnownFileType = text.xcconfig; name = "Pods-Restart-Task.debug.xcconfig"; path = "Target Support Files/Pods-Restart-Task/Pods-Restart-Task.debug.xcconfig"; sourceTree = "<group>"; };
		B7FC78B08C2BCC7098D20E2B /* Pods-Restart-Task.release.xcconfig */ = {isa = PBXFileReference; includeInIndex = 1; lastKnownFileType = text.xcconfig; name = "Pods-Restart-Task.release.xcconfig"; path = "Target Support Files/Pods-Restart-Task/Pods-Restart-Task.release.xcconfig"; sourceTree = "<group>"; };
		E2495B792980001D00CB68AB /* APIRouter.swift */ = {isa = PBXFileReference; fileEncoding = 4; lastKnownFileType = sourcecode.swift; path = APIRouter.swift; sourceTree = "<group>"; };
		E2495B7B2980002C00CB68AB /* APIManager.swift */ = {isa = PBXFileReference; fileEncoding = 4; lastKnownFileType = sourcecode.swift; path = APIManager.swift; sourceTree = "<group>"; };
		E2495B7D2980004500CB68AB /* CoreDataRepoManager.swift */ = {isa = PBXFileReference; fileEncoding = 4; lastKnownFileType = sourcecode.swift; path = CoreDataRepoManager.swift; sourceTree = "<group>"; };
		E2495B7F2980006E00CB68AB /* SaveProductModel.swift */ = {isa = PBXFileReference; fileEncoding = 4; lastKnownFileType = sourcecode.swift; path = SaveProductModel.swift; sourceTree = "<group>"; };
		E2495B802980006E00CB68AB /* Product.swift */ = {isa = PBXFileReference; fileEncoding = 4; lastKnownFileType = sourcecode.swift; path = Product.swift; sourceTree = "<group>"; };
		E2495B832980008B00CB68AB /* SavedProductsManager.swift */ = {isa = PBXFileReference; fileEncoding = 4; lastKnownFileType = sourcecode.swift; path = SavedProductsManager.swift; sourceTree = "<group>"; };
		E25BBD51297FF35E00B80D22 /* Restart-Task.app */ = {isa = PBXFileReference; explicitFileType = wrapper.application; includeInIndex = 0; path = "Restart-Task.app"; sourceTree = BUILT_PRODUCTS_DIR; };
		E25BBD54297FF35E00B80D22 /* AppDelegate.swift */ = {isa = PBXFileReference; lastKnownFileType = sourcecode.swift; path = AppDelegate.swift; sourceTree = "<group>"; };
		E25BBD5B297FF35E00B80D22 /* Base */ = {isa = PBXFileReference; lastKnownFileType = file.storyboard; name = Base; path = Base.lproj/Main.storyboard; sourceTree = "<group>"; };
		E25BBD5E297FF35E00B80D22 /* Restart_Task.xcdatamodel */ = {isa = PBXFileReference; lastKnownFileType = wrapper.xcdatamodel; path = Restart_Task.xcdatamodel; sourceTree = "<group>"; };
		E25BBD60297FF36400B80D22 /* Assets.xcassets */ = {isa = PBXFileReference; lastKnownFileType = folder.assetcatalog; path = Assets.xcassets; sourceTree = "<group>"; };
		E25BBD63297FF36400B80D22 /* Base */ = {isa = PBXFileReference; lastKnownFileType = file.storyboard; name = Base; path = Base.lproj/LaunchScreen.storyboard; sourceTree = "<group>"; };
		E25BBD65297FF36400B80D22 /* Info.plist */ = {isa = PBXFileReference; lastKnownFileType = text.plist.xml; path = Info.plist; sourceTree = "<group>"; };
/* End PBXFileReference section */

/* Begin PBXFrameworksBuildPhase section */
		E25BBD4E297FF35E00B80D22 /* Frameworks */ = {
			isa = PBXFrameworksBuildPhase;
			buildActionMask = 2147483647;
			files = (
				68144F2B1A7A9E0617E5D41F /* Pods_Restart_Task.framework in Frameworks */,
			);
			runOnlyForDeploymentPostprocessing = 0;
		};
/* End PBXFrameworksBuildPhase section */

/* Begin PBXGroup section */
		A0DC378E6D4D7C745FAE8FB5 /* Pods */ = {
			isa = PBXGroup;
			children = (
				87FB16F9ED493F4FCECD98F0 /* Pods-Restart-Task.debug.xcconfig */,
				B7FC78B08C2BCC7098D20E2B /* Pods-Restart-Task.release.xcconfig */,
			);
			path = Pods;
			sourceTree = "<group>";
		};
		E2495B73297FFED900CB68AB /* Extensions */ = {
			isa = PBXGroup;
			children = (
			);
			path = Extensions;
			sourceTree = "<group>";
		};
		E2495B74297FFF9F00CB68AB /* Main */ = {
			isa = PBXGroup;
			children = (
			);
			path = Main;
			sourceTree = "<group>";
		};
		E2495B75297FFFA700CB68AB /* AddProduct */ = {
			isa = PBXGroup;
			children = (
			);
			path = AddProduct;
			sourceTree = "<group>";
		};
		E2495B76297FFFB000CB68AB /* ProductDetailes */ = {
			isa = PBXGroup;
			children = (
			);
			path = ProductDetailes;
			sourceTree = "<group>";
		};
		E2495B77297FFFFB00CB68AB /* Cells */ = {
			isa = PBXGroup;
			children = (
				E2495B782980000400CB68AB /* ProductCell */,
			);
			path = Cells;
			sourceTree = "<group>";
		};
		E2495B782980000400CB68AB /* ProductCell */ = {
			isa = PBXGroup;
			children = (
			);
			path = ProductCell;
			sourceTree = "<group>";
		};
		E25BBD48297FF35E00B80D22 = {
			isa = PBXGroup;
			children = (
				E25BBD53297FF35E00B80D22 /* Restart-Task */,
				E25BBD52297FF35E00B80D22 /* Products */,
				A0DC378E6D4D7C745FAE8FB5 /* Pods */,
				EDA7F273773D0C352E208FD6 /* Frameworks */,
			);
			sourceTree = "<group>";
		};
		E25BBD52297FF35E00B80D22 /* Products */ = {
			isa = PBXGroup;
			children = (
				E25BBD51297FF35E00B80D22 /* Restart-Task.app */,
			);
			name = Products;
			sourceTree = "<group>";
		};
		E25BBD53297FF35E00B80D22 /* Restart-Task */ = {
			isa = PBXGroup;
			children = (
				E25BBD65297FF36400B80D22 /* Info.plist */,
				E25BBD6D297FF49600B80D22 /* Shared */,
				E25BBD6E297FF4C900B80D22 /* Networking */,
				E25BBD6F297FF4D900B80D22 /* Mangers */,
				E25BBD70297FF4E600B80D22 /* Models */,
				E25BBD71297FF4F100B80D22 /* View */,
				E25BBD72297FF4FD00B80D22 /* ViewModel */,
				E25BBD73297FF50800B80D22 /* Utilities */,
				E2495B73297FFED900CB68AB /* Extensions */,
				E25BBD6C297FF48C00B80D22 /* Resourse */,
				E25BBD5D297FF35E00B80D22 /* Restart_Task.xcdatamodeld */,
			);
			path = "Restart-Task";
			sourceTree = "<group>";
		};
		E25BBD6B297FF47F00B80D22 /* Storyboard */ = {
			isa = PBXGroup;
			children = (
				E25BBD5A297FF35E00B80D22 /* Main.storyboard */,
				E25BBD62297FF36400B80D22 /* LaunchScreen.storyboard */,
			);
			path = Storyboard;
			sourceTree = "<group>";
		};
		E25BBD6C297FF48C00B80D22 /* Resourse */ = {
			isa = PBXGroup;
			children = (
				E25BBD60297FF36400B80D22 /* Assets.xcassets */,
				E25BBD6B297FF47F00B80D22 /* Storyboard */,
			);
			path = Resourse;
			sourceTree = "<group>";
		};
		E25BBD6D297FF49600B80D22 /* Shared */ = {
			isa = PBXGroup;
			children = (
				E25BBD54297FF35E00B80D22 /* AppDelegate.swift */,
			);
			path = Shared;
			sourceTree = "<group>";
		};
		E25BBD6E297FF4C900B80D22 /* Networking */ = {
			isa = PBXGroup;
			children = (
				E2495B792980001D00CB68AB /* APIRouter.swift */,
				E2495B7B2980002C00CB68AB /* APIManager.swift */,
			);
			path = Networking;
			sourceTree = "<group>";
		};
		E25BBD6F297FF4D900B80D22 /* Mangers */ = {
			isa = PBXGroup;
			children = (
				E2495B7D2980004500CB68AB /* CoreDataRepoManager.swift */,
				E2495B832980008B00CB68AB /* SavedProductsManager.swift */,
			);
			path = Mangers;
			sourceTree = "<group>";
		};
		E25BBD70297FF4E600B80D22 /* Models */ = {
			isa = PBXGroup;
			children = (
				E2495B802980006E00CB68AB /* Product.swift */,
				E2495B7F2980006E00CB68AB /* SaveProductModel.swift */,
			);
			path = Models;
			sourceTree = "<group>";
		};
		E25BBD71297FF4F100B80D22 /* View */ = {
			isa = PBXGroup;
			children = (
				E2495B77297FFFFB00CB68AB /* Cells */,
				E2495B74297FFF9F00CB68AB /* Main */,
				E2495B76297FFFB000CB68AB /* ProductDetailes */,
				E2495B75297FFFA700CB68AB /* AddProduct */,
			);
			path = View;
			sourceTree = "<group>";
		};
		E25BBD72297FF4FD00B80D22 /* ViewModel */ = {
			isa = PBXGroup;
			children = (
			);
			path = ViewModel;
			sourceTree = "<group>";
		};
		E25BBD73297FF50800B80D22 /* Utilities */ = {
			isa = PBXGroup;
			children = (
			);
			path = Utilities;
			sourceTree = "<group>";
		};
		EDA7F273773D0C352E208FD6 /* Frameworks */ = {
			isa = PBXGroup;
			children = (
				75E7FA1F314C25DADD750877 /* Pods_Restart_Task.framework */,
			);
			name = Frameworks;
			sourceTree = "<group>";
		};
/* End PBXGroup section */

/* Begin PBXNativeTarget section */
		E25BBD50297FF35E00B80D22 /* Restart-Task */ = {
			isa = PBXNativeTarget;
			buildConfigurationList = E25BBD68297FF36500B80D22 /* Build configuration list for PBXNativeTarget "Restart-Task" */;
			buildPhases = (
				F9DF5DDE6C604CC31A08463E /* [CP] Check Pods Manifest.lock */,
				E25BBD4D297FF35E00B80D22 /* Sources */,
				E25BBD4E297FF35E00B80D22 /* Frameworks */,
				E25BBD4F297FF35E00B80D22 /* Resources */,
				3158F38BA42C3C4371CAD320 /* [CP] Embed Pods Frameworks */,
			);
			buildRules = (
			);
			dependencies = (
			);
			name = "Restart-Task";
			productName = "Restart-Task";
			productReference = E25BBD51297FF35E00B80D22 /* Restart-Task.app */;
			productType = "com.apple.product-type.application";
		};
/* End PBXNativeTarget section */

/* Begin PBXProject section */
		E25BBD49297FF35E00B80D22 /* Project object */ = {
			isa = PBXProject;
			attributes = {
				BuildIndependentTargetsInParallel = 1;
				LastSwiftUpdateCheck = 1400;
				LastUpgradeCheck = 1400;
				TargetAttributes = {
					E25BBD50297FF35E00B80D22 = {
						CreatedOnToolsVersion = 14.0;
					};
				};
			};
			buildConfigurationList = E25BBD4C297FF35E00B80D22 /* Build configuration list for PBXProject "Restart-Task" */;
			compatibilityVersion = "Xcode 9.3";
			developmentRegion = en;
			hasScannedForEncodings = 0;
			knownRegions = (
				en,
				Base,
			);
			mainGroup = E25BBD48297FF35E00B80D22;
			productRefGroup = E25BBD52297FF35E00B80D22 /* Products */;
			projectDirPath = "";
			projectRoot = "";
			targets = (
				E25BBD50297FF35E00B80D22 /* Restart-Task */,
			);
		};
/* End PBXProject section */

/* Begin PBXResourcesBuildPhase section */
		E25BBD4F297FF35E00B80D22 /* Resources */ = {
			isa = PBXResourcesBuildPhase;
			buildActionMask = 2147483647;
			files = (
				E25BBD64297FF36400B80D22 /* LaunchScreen.storyboard in Resources */,
				E25BBD61297FF36400B80D22 /* Assets.xcassets in Resources */,
				E25BBD5C297FF35E00B80D22 /* Main.storyboard in Resources */,
			);
			runOnlyForDeploymentPostprocessing = 0;
		};
/* End PBXResourcesBuildPhase section */

/* Begin PBXShellScriptBuildPhase section */
		3158F38BA42C3C4371CAD320 /* [CP] Embed Pods Frameworks */ = {
			isa = PBXShellScriptBuildPhase;
			buildActionMask = 2147483647;
			files = (
			);
			inputFileListPaths = (
				"${PODS_ROOT}/Target Support Files/Pods-Restart-Task/Pods-Restart-Task-frameworks-${CONFIGURATION}-input-files.xcfilelist",
			);
			name = "[CP] Embed Pods Frameworks";
			outputFileListPaths = (
				"${PODS_ROOT}/Target Support Files/Pods-Restart-Task/Pods-Restart-Task-frameworks-${CONFIGURATION}-output-files.xcfilelist",
			);
			runOnlyForDeploymentPostprocessing = 0;
			shellPath = /bin/sh;
			shellScript = "\"${PODS_ROOT}/Target Support Files/Pods-Restart-Task/Pods-Restart-Task-frameworks.sh\"\n";
			showEnvVarsInLog = 0;
		};
		F9DF5DDE6C604CC31A08463E /* [CP] Check Pods Manifest.lock */ = {
			isa = PBXShellScriptBuildPhase;
			buildActionMask = 2147483647;
			files = (
			);
			inputFileListPaths = (
			);
			inputPaths = (
				"${PODS_PODFILE_DIR_PATH}/Podfile.lock",
				"${PODS_ROOT}/Manifest.lock",
			);
			name = "[CP] Check Pods Manifest.lock";
			outputFileListPaths = (
			);
			outputPaths = (
				"$(DERIVED_FILE_DIR)/Pods-Restart-Task-checkManifestLockResult.txt",
			);
			runOnlyForDeploymentPostprocessing = 0;
			shellPath = /bin/sh;
			shellScript = "diff \"${PODS_PODFILE_DIR_PATH}/Podfile.lock\" \"${PODS_ROOT}/Manifest.lock\" > /dev/null\nif [ $? != 0 ] ; then\n    # print error to STDERR\n    echo \"error: The sandbox is not in sync with the Podfile.lock. Run 'pod install' or update your CocoaPods installation.\" >&2\n    exit 1\nfi\n# This output is used by Xcode 'outputs' to avoid re-running this script phase.\necho \"SUCCESS\" > \"${SCRIPT_OUTPUT_FILE_0}\"\n";
			showEnvVarsInLog = 0;
		};
/* End PBXShellScriptBuildPhase section */

/* Begin PBXSourcesBuildPhase section */
		E25BBD4D297FF35E00B80D22 /* Sources */ = {
			isa = PBXSourcesBuildPhase;
			buildActionMask = 2147483647;
			files = (
				E2495B7E2980004500CB68AB /* CoreDataRepoManager.swift in Sources */,
				E2495B7C2980002C00CB68AB /* APIManager.swift in Sources */,
				E25BBD5F297FF35E00B80D22 /* Restart_Task.xcdatamodeld in Sources */,
				E2495B7A2980001D00CB68AB /* APIRouter.swift in Sources */,
				E2495B812980006E00CB68AB /* SaveProductModel.swift in Sources */,
				E25BBD55297FF35E00B80D22 /* AppDelegate.swift in Sources */,
				E2495B822980006E00CB68AB /* Product.swift in Sources */,
				E2495B842980008B00CB68AB /* SavedProductsManager.swift in Sources */,
			);
			runOnlyForDeploymentPostprocessing = 0;
		};
/* End PBXSourcesBuildPhase section */

/* Begin PBXVariantGroup section */
		E25BBD5A297FF35E00B80D22 /* Main.storyboard */ = {
			isa = PBXVariantGroup;
			children = (
				E25BBD5B297FF35E00B80D22 /* Base */,
			);
			name = Main.storyboard;
			sourceTree = "<group>";
		};
		E25BBD62297FF36400B80D22 /* LaunchScreen.storyboard */ = {
			isa = PBXVariantGroup;
			children = (
				E25BBD63297FF36400B80D22 /* Base */,
			);
			name = LaunchScreen.storyboard;
			sourceTree = "<group>";
		};
/* End PBXVariantGroup section */

/* Begin XCBuildConfiguration section */
		E25BBD66297FF36500B80D22 /* Debug */ = {
			isa = XCBuildConfiguration;
			buildSettings = {
				ALWAYS_SEARCH_USER_PATHS = NO;
				CLANG_ANALYZER_NONNULL = YES;
				CLANG_ANALYZER_NUMBER_OBJECT_CONVERSION = YES_AGGRESSIVE;
				CLANG_CXX_LANGUAGE_STANDARD = "gnu++20";
				CLANG_ENABLE_MODULES = YES;
				CLANG_ENABLE_OBJC_ARC = YES;
				CLANG_ENABLE_OBJC_WEAK = YES;
				CLANG_WARN_BLOCK_CAPTURE_AUTORELEASING = YES;
				CLANG_WARN_BOOL_CONVERSION = YES;
				CLANG_WARN_COMMA = YES;
				CLANG_WARN_CONSTANT_CONVERSION = YES;
				CLANG_WARN_DEPRECATED_OBJC_IMPLEMENTATIONS = YES;
				CLANG_WARN_DIRECT_OBJC_ISA_USAGE = YES_ERROR;
				CLANG_WARN_DOCUMENTATION_COMMENTS = YES;
				CLANG_WARN_EMPTY_BODY = YES;
				CLANG_WARN_ENUM_CONVERSION = YES;
				CLANG_WARN_INFINITE_RECURSION = YES;
				CLANG_WARN_INT_CONVERSION = YES;
				CLANG_WARN_NON_LITERAL_NULL_CONVERSION = YES;
				CLANG_WARN_OBJC_IMPLICIT_RETAIN_SELF = YES;
				CLANG_WARN_OBJC_LITERAL_CONVERSION = YES;
				CLANG_WARN_OBJC_ROOT_CLASS = YES_ERROR;
				CLANG_WARN_QUOTED_INCLUDE_IN_FRAMEWORK_HEADER = YES;
				CLANG_WARN_RANGE_LOOP_ANALYSIS = YES;
				CLANG_WARN_STRICT_PROTOTYPES = YES;
				CLANG_WARN_SUSPICIOUS_MOVE = YES;
				CLANG_WARN_UNGUARDED_AVAILABILITY = YES_AGGRESSIVE;
				CLANG_WARN_UNREACHABLE_CODE = YES;
				CLANG_WARN__DUPLICATE_METHOD_MATCH = YES;
				COPY_PHASE_STRIP = NO;
				DEBUG_INFORMATION_FORMAT = dwarf;
				ENABLE_STRICT_OBJC_MSGSEND = YES;
				ENABLE_TESTABILITY = YES;
				GCC_C_LANGUAGE_STANDARD = gnu11;
				GCC_DYNAMIC_NO_PIC = NO;
				GCC_NO_COMMON_BLOCKS = YES;
				GCC_OPTIMIZATION_LEVEL = 0;
				GCC_PREPROCESSOR_DEFINITIONS = (
					"DEBUG=1",
					"$(inherited)",
				);
				GCC_WARN_64_TO_32_BIT_CONVERSION = YES;
				GCC_WARN_ABOUT_RETURN_TYPE = YES_ERROR;
				GCC_WARN_UNDECLARED_SELECTOR = YES;
				GCC_WARN_UNINITIALIZED_AUTOS = YES_AGGRESSIVE;
				GCC_WARN_UNUSED_FUNCTION = YES;
				GCC_WARN_UNUSED_VARIABLE = YES;
				IPHONEOS_DEPLOYMENT_TARGET = 16.0;
				MTL_ENABLE_DEBUG_INFO = INCLUDE_SOURCE;
				MTL_FAST_MATH = YES;
				ONLY_ACTIVE_ARCH = YES;
				SDKROOT = iphoneos;
				SWIFT_ACTIVE_COMPILATION_CONDITIONS = DEBUG;
				SWIFT_OPTIMIZATION_LEVEL = "-Onone";
			};
			name = Debug;
		};
		E25BBD67297FF36500B80D22 /* Release */ = {
			isa = XCBuildConfiguration;
			buildSettings = {
				ALWAYS_SEARCH_USER_PATHS = NO;
				CLANG_ANALYZER_NONNULL = YES;
				CLANG_ANALYZER_NUMBER_OBJECT_CONVERSION = YES_AGGRESSIVE;
				CLANG_CXX_LANGUAGE_STANDARD = "gnu++20";
				CLANG_ENABLE_MODULES = YES;
				CLANG_ENABLE_OBJC_ARC = YES;
				CLANG_ENABLE_OBJC_WEAK = YES;
				CLANG_WARN_BLOCK_CAPTURE_AUTORELEASING = YES;
				CLANG_WARN_BOOL_CONVERSION = YES;
				CLANG_WARN_COMMA = YES;
				CLANG_WARN_CONSTANT_CONVERSION = YES;
				CLANG_WARN_DEPRECATED_OBJC_IMPLEMENTATIONS = YES;
				CLANG_WARN_DIRECT_OBJC_ISA_USAGE = YES_ERROR;
				CLANG_WARN_DOCUMENTATION_COMMENTS = YES;
				CLANG_WARN_EMPTY_BODY = YES;
				CLANG_WARN_ENUM_CONVERSION = YES;
				CLANG_WARN_INFINITE_RECURSION = YES;
				CLANG_WARN_INT_CONVERSION = YES;
				CLANG_WARN_NON_LITERAL_NULL_CONVERSION = YES;
				CLANG_WARN_OBJC_IMPLICIT_RETAIN_SELF = YES;
				CLANG_WARN_OBJC_LITERAL_CONVERSION = YES;
				CLANG_WARN_OBJC_ROOT_CLASS = YES_ERROR;
				CLANG_WARN_QUOTED_INCLUDE_IN_FRAMEWORK_HEADER = YES;
				CLANG_WARN_RANGE_LOOP_ANALYSIS = YES;
				CLANG_WARN_STRICT_PROTOTYPES = YES;
				CLANG_WARN_SUSPICIOUS_MOVE = YES;
				CLANG_WARN_UNGUARDED_AVAILABILITY = YES_AGGRESSIVE;
				CLANG_WARN_UNREACHABLE_CODE = YES;
				CLANG_WARN__DUPLICATE_METHOD_MATCH = YES;
				COPY_PHASE_STRIP = NO;
				DEBUG_INFORMATION_FORMAT = "dwarf-with-dsym";
				ENABLE_NS_ASSERTIONS = NO;
				ENABLE_STRICT_OBJC_MSGSEND = YES;
				GCC_C_LANGUAGE_STANDARD = gnu11;
				GCC_NO_COMMON_BLOCKS = YES;
				GCC_WARN_64_TO_32_BIT_CONVERSION = YES;
				GCC_WARN_ABOUT_RETURN_TYPE = YES_ERROR;
				GCC_WARN_UNDECLARED_SELECTOR = YES;
				GCC_WARN_UNINITIALIZED_AUTOS = YES_AGGRESSIVE;
				GCC_WARN_UNUSED_FUNCTION = YES;
				GCC_WARN_UNUSED_VARIABLE = YES;
				IPHONEOS_DEPLOYMENT_TARGET = 16.0;
				MTL_ENABLE_DEBUG_INFO = NO;
				MTL_FAST_MATH = YES;
				SDKROOT = iphoneos;
				SWIFT_COMPILATION_MODE = wholemodule;
				SWIFT_OPTIMIZATION_LEVEL = "-O";
				VALIDATE_PRODUCT = YES;
			};
			name = Release;
		};
		E25BBD69297FF36500B80D22 /* Debug */ = {
			isa = XCBuildConfiguration;
			baseConfigurationReference = 87FB16F9ED493F4FCECD98F0 /* Pods-Restart-Task.debug.xcconfig */;
			buildSettings = {
				ASSETCATALOG_COMPILER_APPICON_NAME = AppIcon;
				ASSETCATALOG_COMPILER_GLOBAL_ACCENT_COLOR_NAME = AccentColor;
				CODE_SIGN_STYLE = Automatic;
				CURRENT_PROJECT_VERSION = 1;
				DEVELOPMENT_TEAM = D8KGAL2H5J;
				GENERATE_INFOPLIST_FILE = YES;
				INFOPLIST_FILE = "Restart-Task/Info.plist";
				INFOPLIST_KEY_CFBundleDisplayName = "Restart Task";
				INFOPLIST_KEY_UIApplicationSupportsIndirectInputEvents = YES;
				INFOPLIST_KEY_UILaunchStoryboardName = LaunchScreen;
				INFOPLIST_KEY_UIMainStoryboardFile = Main;
				INFOPLIST_KEY_UISupportedInterfaceOrientations = UIInterfaceOrientationPortrait;
				INFOPLIST_KEY_UISupportedInterfaceOrientations_iPad = "UIInterfaceOrientationLandscapeLeft UIInterfaceOrientationLandscapeRight UIInterfaceOrientationPortraitUpsideDown";
				IPHONEOS_DEPLOYMENT_TARGET = 13.0;
				LD_RUNPATH_SEARCH_PATHS = (
					"$(inherited)",
					"@executable_path/Frameworks",
				);
				MARKETING_VERSION = 1.0;
				PRODUCT_BUNDLE_IDENTIFIER = "com.Elshaer.Restart-Task";
				PRODUCT_NAME = "$(TARGET_NAME)";
				SUPPORTED_PLATFORMS = "iphoneos iphonesimulator";
				SUPPORTS_MACCATALYST = NO;
				SUPPORTS_MAC_DESIGNED_FOR_IPHONE_IPAD = YES;
				SWIFT_EMIT_LOC_STRINGS = YES;
				SWIFT_VERSION = 5.0;
				TARGETED_DEVICE_FAMILY = 1;
			};
			name = Debug;
		};
		E25BBD6A297FF36500B80D22 /* Release */ = {
			isa = XCBuildConfiguration;
			baseConfigurationReference = B7FC78B08C2BCC7098D20E2B /* Pods-Restart-Task.release.xcconfig */;
			buildSettings = {
				ASSETCATALOG_COMPILER_APPICON_NAME = AppIcon;
				ASSETCATALOG_COMPILER_GLOBAL_ACCENT_COLOR_NAME = AccentColor;
				CODE_SIGN_STYLE = Automatic;
				CURRENT_PROJECT_VERSION = 1;
				DEVELOPMENT_TEAM = D8KGAL2H5J;
				GENERATE_INFOPLIST_FILE = YES;
				INFOPLIST_FILE = "Restart-Task/Info.plist";
				INFOPLIST_KEY_CFBundleDisplayName = "Restart Task";
				INFOPLIST_KEY_UIApplicationSupportsIndirectInputEvents = YES;
				INFOPLIST_KEY_UILaunchStoryboardName = LaunchScreen;
				INFOPLIST_KEY_UIMainStoryboardFile = Main;
				INFOPLIST_KEY_UISupportedInterfaceOrientations = UIInterfaceOrientationPortrait;
				INFOPLIST_KEY_UISupportedInterfaceOrientations_iPad = "UIInterfaceOrientationLandscapeLeft UIInterfaceOrientationLandscapeRight UIInterfaceOrientationPortraitUpsideDown";
				IPHONEOS_DEPLOYMENT_TARGET = 13.0;
				LD_RUNPATH_SEARCH_PATHS = (
					"$(inherited)",
					"@executable_path/Frameworks",
				);
				MARKETING_VERSION = 1.0;
				PRODUCT_BUNDLE_IDENTIFIER = "com.Elshaer.Restart-Task";
				PRODUCT_NAME = "$(TARGET_NAME)";
				SUPPORTED_PLATFORMS = "iphoneos iphonesimulator";
				SUPPORTS_MACCATALYST = NO;
				SUPPORTS_MAC_DESIGNED_FOR_IPHONE_IPAD = YES;
				SWIFT_EMIT_LOC_STRINGS = YES;
				SWIFT_VERSION = 5.0;
				TARGETED_DEVICE_FAMILY = 1;
			};
			name = Release;
		};
/* End XCBuildConfiguration section */

/* Begin XCConfigurationList section */
		E25BBD4C297FF35E00B80D22 /* Build configuration list for PBXProject "Restart-Task" */ = {
			isa = XCConfigurationList;
			buildConfigurations = (
				E25BBD66297FF36500B80D22 /* Debug */,
				E25BBD67297FF36500B80D22 /* Release */,
			);
			defaultConfigurationIsVisible = 0;
			defaultConfigurationName = Release;
		};
		E25BBD68297FF36500B80D22 /* Build configuration list for PBXNativeTarget "Restart-Task" */ = {
			isa = XCConfigurationList;
			buildConfigurations = (
				E25BBD69297FF36500B80D22 /* Debug */,
				E25BBD6A297FF36500B80D22 /* Release */,
			);
			defaultConfigurationIsVisible = 0;
			defaultConfigurationName = Release;
		};
/* End XCConfigurationList section */

/* Begin XCVersionGroup section */
		E25BBD5D297FF35E00B80D22 /* Restart_Task.xcdatamodeld */ = {
			isa = XCVersionGroup;
			children = (
				E25BBD5E297FF35E00B80D22 /* Restart_Task.xcdatamodel */,
			);
			currentVersion = E25BBD5E297FF35E00B80D22 /* Restart_Task.xcdatamodel */;
			path = Restart_Task.xcdatamodeld;
			sourceTree = "<group>";
			versionGroupType = wrapper.xcdatamodel;
		};
/* End XCVersionGroup section */
	};
	rootObject = E25BBD49297FF35E00B80D22 /* Project object */;
}
